
Microsoft Visual Studio Solution File, Format Version 12.00
# Visual Studio Version 16
VisualStudioVersion = 16.0.32228.343
MinimumVisualStudioVersion = 10.0.40219.1
Project("{8BC9CEB8-8B4A-11D0-8D11-00A0C91BC942}") = "opengl_imgui_modbus", "opengl_imgui_modbus\opengl_imgui_modbus.vcxproj", "{1F1F2B81-59B0-49B0-965B-BF70EA13CF08}"
EndProject
Global
	GlobalSection(SolutionConfigurationPlatforms) = preSolution
		Debug|x64 = Debug|x64
		Debug|x86 = Debug|x86
		Release|x64 = Release|x64
		Release|x86 = Release|x86
	EndGlobalSection
	GlobalSection(ProjectConfigurationPlatforms) = postSolution
		{1F1F2B81-59B0-49B0-965B-BF70EA13CF08}.Debug|x64.ActiveCfg = Debug|x64
		{1F1F2B81-59B0-49B0-965B-BF70EA13CF08}.Debug|x64.Build.0 = Debug|x64
		{1F1F2B81-59B0-49B0-965B-BF70EA13CF08}.Debug|x86.ActiveCfg = Debug|Win32
		{1F1F2B81-59B0-49B0-965B-BF70EA13CF08}.Debug|x86.Build.0 = Debug|Win32
		{1F1F2B81-59B0-49B0-965B-BF70EA13CF08}.Release|x64.ActiveCfg = Release|x64
		{1F1F2B81-59B0-49B0-965B-BF70EA13CF08}.Release|x64.Build.0 = Release|x64
		{1F1F2B81-59B0-49B0-965B-BF70EA13CF08}.Release|x86.ActiveCfg = Release|Win32
		{1F1F2B81-59B0-49B0-965B-BF70EA13CF08}.Release|x86.Build.0 = Release|Win32
	EndGlobalSection
	GlobalSection(SolutionProperties) = preSolution
		HideSolutionNode = FALSE
	EndGlobalSection
	GlobalSection(ExtensibilityGlobals) = postSolution
		SolutionGuid = {CE54DB51-57CE-422C-B7BE-19ED4745AEBE}
	EndGlobalSection
EndGlobal
